
Microsoft Visual Studio Solution File, Format Version 12.00
# Visual Studio Version 17
VisualStudioVersion = 17.5.33516.290
MinimumVisualStudioVersion = 10.0.40219.1
Project("{9A19103F-16F7-4668-BE54-9A1E7A4F7556}") = "GardenHose", "Garden Hose\GardenHose.csproj", "{CA2129A6-3F16-405F-BB16-725FE768DF12}"
EndProject
Global
	GlobalSection(SolutionConfigurationPlatforms) = preSolution
		Debug|Any CPU = Debug|Any CPU
		Release|Any CPU = Release|Any CPU
	EndGlobalSection
	GlobalSection(ProjectConfigurationPlatforms) = postSolution
		{CA2129A6-3F16-405F-BB16-725FE768DF12}.Debug|Any CPU.ActiveCfg = Debug|Any CPU
		{CA2129A6-3F16-405F-BB16-725FE768DF12}.Debug|Any CPU.Build.0 = Debug|Any CPU
		{CA2129A6-3F16-405F-BB16-725FE768DF12}.Release|Any CPU.ActiveCfg = Release|Any CPU
		{CA2129A6-3F16-405F-BB16-725FE768DF12}.Release|Any CPU.Build.0 = Release|Any CPU
	EndGlobalSection
	GlobalSection(SolutionProperties) = preSolution
		HideSolutionNode = FALSE
	EndGlobalSection
	GlobalSection(ExtensibilityGlobals) = postSolution
		SolutionGuid = {8D0ED1E6-8474-4DC5-83D8-6C4BE9965271}
	EndGlobalSection
EndGlobal
