
Microsoft Visual Studio Solution File, Format Version 12.00
# Visual Studio Version 17
VisualStudioVersion = 17.5.33516.290
MinimumVisualStudioVersion = 10.0.40219.1
Project("{9A19103F-16F7-4668-BE54-9A1E7A4F7556}") = "GardenHose", "Garden Hose\GardenHose.csproj", "{CA2129A6-3F16-405F-BB16-725FE768DF12}"
EndProject
Project("{2150E333-8FDC-42A3-9474-1A3956D46DE8}") = "Solution Items", "Solution Items", "{4A010F82-A478-4A84-8B59-7AC5941DBDCF}"
	ProjectSection(SolutionItems) = preProject
		.editorconfig = .editorconfig
	EndProjectSection
EndProject
Project("{9A19103F-16F7-4668-BE54-9A1E7A4F7556}") = "Tests", "Tests\Tests.csproj", "{4EE27440-B432-4F80-8FDF-5D6E5E13B5A5}"
EndProject
Project("{9A19103F-16F7-4668-BE54-9A1E7A4F7556}") = "GardenHoseEngine", "GardenHoseEngine\GardenHoseEngine.csproj", "{02D28D5A-1E23-4C7E-BBE2-3B24F022872B}"
EndProject
Global
	GlobalSection(SolutionConfigurationPlatforms) = preSolution
		Debug|Any CPU = Debug|Any CPU
		Debug|x64 = Debug|x64
		Debug|x86 = Debug|x86
		Release|Any CPU = Release|Any CPU
		Release|x64 = Release|x64
		Release|x86 = Release|x86
	EndGlobalSection
	GlobalSection(ProjectConfigurationPlatforms) = postSolution
		{CA2129A6-3F16-405F-BB16-725FE768DF12}.Debug|Any CPU.ActiveCfg = Debug|Any CPU
		{CA2129A6-3F16-405F-BB16-725FE768DF12}.Debug|Any CPU.Build.0 = Debug|Any CPU
		{CA2129A6-3F16-405F-BB16-725FE768DF12}.Debug|x64.ActiveCfg = Debug|Any CPU
		{CA2129A6-3F16-405F-BB16-725FE768DF12}.Debug|x64.Build.0 = Debug|Any CPU
		{CA2129A6-3F16-405F-BB16-725FE768DF12}.Debug|x86.ActiveCfg = Debug|Any CPU
		{CA2129A6-3F16-405F-BB16-725FE768DF12}.Debug|x86.Build.0 = Debug|Any CPU
		{CA2129A6-3F16-405F-BB16-725FE768DF12}.Release|Any CPU.ActiveCfg = Release|Any CPU
		{CA2129A6-3F16-405F-BB16-725FE768DF12}.Release|Any CPU.Build.0 = Release|Any CPU
		{CA2129A6-3F16-405F-BB16-725FE768DF12}.Release|x64.ActiveCfg = Release|Any CPU
		{CA2129A6-3F16-405F-BB16-725FE768DF12}.Release|x64.Build.0 = Release|Any CPU
		{CA2129A6-3F16-405F-BB16-725FE768DF12}.Release|x86.ActiveCfg = Release|Any CPU
		{CA2129A6-3F16-405F-BB16-725FE768DF12}.Release|x86.Build.0 = Release|Any CPU
		{4EE27440-B432-4F80-8FDF-5D6E5E13B5A5}.Debug|Any CPU.ActiveCfg = Debug|Any CPU
		{4EE27440-B432-4F80-8FDF-5D6E5E13B5A5}.Debug|Any CPU.Build.0 = Debug|Any CPU
		{4EE27440-B432-4F80-8FDF-5D6E5E13B5A5}.Debug|x64.ActiveCfg = Debug|Any CPU
		{4EE27440-B432-4F80-8FDF-5D6E5E13B5A5}.Debug|x64.Build.0 = Debug|Any CPU
		{4EE27440-B432-4F80-8FDF-5D6E5E13B5A5}.Debug|x86.ActiveCfg = Debug|Any CPU
		{4EE27440-B432-4F80-8FDF-5D6E5E13B5A5}.Debug|x86.Build.0 = Debug|Any CPU
		{4EE27440-B432-4F80-8FDF-5D6E5E13B5A5}.Release|Any CPU.ActiveCfg = Release|Any CPU
		{4EE27440-B432-4F80-8FDF-5D6E5E13B5A5}.Release|Any CPU.Build.0 = Release|Any CPU
		{4EE27440-B432-4F80-8FDF-5D6E5E13B5A5}.Release|x64.ActiveCfg = Release|Any CPU
		{4EE27440-B432-4F80-8FDF-5D6E5E13B5A5}.Release|x64.Build.0 = Release|Any CPU
		{4EE27440-B432-4F80-8FDF-5D6E5E13B5A5}.Release|x86.ActiveCfg = Release|Any CPU
		{4EE27440-B432-4F80-8FDF-5D6E5E13B5A5}.Release|x86.Build.0 = Release|Any CPU
		{02D28D5A-1E23-4C7E-BBE2-3B24F022872B}.Debug|Any CPU.ActiveCfg = Debug|Any CPU
		{02D28D5A-1E23-4C7E-BBE2-3B24F022872B}.Debug|Any CPU.Build.0 = Debug|Any CPU
		{02D28D5A-1E23-4C7E-BBE2-3B24F022872B}.Debug|x64.ActiveCfg = Debug|Any CPU
		{02D28D5A-1E23-4C7E-BBE2-3B24F022872B}.Debug|x64.Build.0 = Debug|Any CPU
		{02D28D5A-1E23-4C7E-BBE2-3B24F022872B}.Debug|x86.ActiveCfg = Debug|Any CPU
		{02D28D5A-1E23-4C7E-BBE2-3B24F022872B}.Debug|x86.Build.0 = Debug|Any CPU
		{02D28D5A-1E23-4C7E-BBE2-3B24F022872B}.Release|Any CPU.ActiveCfg = Release|Any CPU
		{02D28D5A-1E23-4C7E-BBE2-3B24F022872B}.Release|Any CPU.Build.0 = Release|Any CPU
		{02D28D5A-1E23-4C7E-BBE2-3B24F022872B}.Release|x64.ActiveCfg = Release|Any CPU
		{02D28D5A-1E23-4C7E-BBE2-3B24F022872B}.Release|x64.Build.0 = Release|Any CPU
		{02D28D5A-1E23-4C7E-BBE2-3B24F022872B}.Release|x86.ActiveCfg = Release|Any CPU
		{02D28D5A-1E23-4C7E-BBE2-3B24F022872B}.Release|x86.Build.0 = Release|Any CPU
	EndGlobalSection
	GlobalSection(SolutionProperties) = preSolution
		HideSolutionNode = FALSE
	EndGlobalSection
	GlobalSection(ExtensibilityGlobals) = postSolution
		SolutionGuid = {8D0ED1E6-8474-4DC5-83D8-6C4BE9965271}
	EndGlobalSection
EndGlobal
